<?xml version="1.0" encoding="utf-8"?>
<Project ToolsVersion="4.0" xmlns="http://schemas.microsoft.com/developer/msbuild/2003">
  <ItemGroup>
    <Filter Include="Исходные файлы">
      <UniqueIdentifier>{4FC737F1-C7A5-4376-A066-2A32D752A2FF}</UniqueIdentifier>
      <Extensions>cpp;c;cc;cxx;c++;cppm;ixx;def;odl;idl;hpj;bat;asm;asmx</Extensions>
    </Filter>
    <Filter Include="Файлы заголовков">
      <UniqueIdentifier>{93995380-89BD-4b04-88EB-625FBE52EBFB}</UniqueIdentifier>
      <Extensions>h;hh;hpp;hxx;h++;hm;inl;inc;ipp;xsd</Extensions>
    </Filter>
    <Filter Include="Файлы ресурсов">
      <UniqueIdentifier>{67DA6AB6-F800-4c08-8B7A-83BB121AAD01}</UniqueIdentifier>
      <Extensions>rc;ico;cur;bmp;dlg;rc2;rct;bin;rgs;gif;jpg;jpeg;jpe;resx;tiff;tif;png;wav;mfcribbon-ms</Extensions>
    </Filter>
    <Filter Include="Файлы заголовков\Citizen">
      <UniqueIdentifier>{3ba96141-1a70-471d-ab36-79e505fc0241}</UniqueIdentifier>
    </Filter>
    <Filter Include="Файлы заголовков\Field">
      <UniqueIdentifier>{75afa3eb-3a2d-4961-aade-37eae1b7e74f}</UniqueIdentifier>
    </Filter>
    <Filter Include="Файлы заголовков\Citizen\Predator">
      <UniqueIdentifier>{c4dd5146-2003-4b18-8c7a-424d0c457e23}</UniqueIdentifier>
    </Filter>
  </ItemGroup>
  <ItemGroup>
    <ClCompile Include="main.cpp">
      <Filter>Исходные файлы</Filter>
    </ClCompile>
    <ClCompile Include="citizen.cpp">
      <Filter>Исходные файлы</Filter>
    </ClCompile>
    <ClCompile Include="Citizen\predator.cpp">
      <Filter>Исходные файлы</Filter>
    </ClCompile>
    <ClCompile Include="Field\sqare.cpp">
      <Filter>Исходные файлы</Filter>
    </ClCompile>
  </ItemGroup>
  <ItemGroup>
    <ClInclude Include="citizen.h">
      <Filter>Файлы заголовков</Filter>
    </ClInclude>
    <ClInclude Include="game.h">
      <Filter>Файлы заголовков</Filter>
    </ClInclude>
    <ClInclude Include="Field\field.h">
      <Filter>Файлы заголовков\Field</Filter>
    </ClInclude>
    <ClInclude Include="Field\sqare.h">
      <Filter>Файлы заголовков\Field</Filter>
    </ClInclude>
    <ClInclude Include="Citizen\plankton.h">
      <Filter>Файлы заголовков\Citizen</Filter>
    </ClInclude>
    <ClInclude Include="Citizen\predator.h">
      <Filter>Файлы заголовков\Citizen</Filter>
    </ClInclude>
    <ClInclude Include="vector2.h">
      <Filter>Файлы заголовков</Filter>
    </ClInclude>
    <ClInclude Include="Citizen\Predator\shark.h">
      <Filter>Файлы заголовков\Citizen\Predator</Filter>
    </ClInclude>
  </ItemGroup>
</Project>